
Microsoft Visual Studio Solution File, Format Version 12.00
# Visual Studio 2012
Project("{FAE04EC0-301F-11D3-BF4B-00C04F79EFBC}") = "QC2DXLuaScriptPacker", "QC2DXLuaScriptPacker\QC2DXLuaScriptPacker.csproj", "{42060AF0-5630-4DD4-B6CD-0D19159B2155}"
EndProject
Global
	GlobalSection(SolutionConfigurationPlatforms) = preSolution
		Debug|Any CPU = Debug|Any CPU
		Release|Any CPU = Release|Any CPU
	EndGlobalSection
	GlobalSection(ProjectConfigurationPlatforms) = postSolution
		{42060AF0-5630-4DD4-B6CD-0D19159B2155}.Debug|Any CPU.ActiveCfg = Debug|Any CPU
		{42060AF0-5630-4DD4-B6CD-0D19159B2155}.Debug|Any CPU.Build.0 = Debug|Any CPU
		{42060AF0-5630-4DD4-B6CD-0D19159B2155}.Release|Any CPU.ActiveCfg = Release|Any CPU
		{42060AF0-5630-4DD4-B6CD-0D19159B2155}.Release|Any CPU.Build.0 = Release|Any CPU
	EndGlobalSection
	GlobalSection(SolutionProperties) = preSolution
		HideSolutionNode = FALSE
	EndGlobalSection
EndGlobal
